github.com/creack/pty v1.1.9/go.mod h1:oKZEueFk5CKHvIhNR5MUki03XCEU+Q6VDXinZuGJ33E=
github.com/gkampitakis/ciinfo v0.1.1 h1:dz1LCkOd+zmZ3YYlFNpr0hRDqGY7Ox2mcaltHzdahqk=
github.com/gkampitakis/ciinfo v0.1.1/go.mod h1:bVaOGziPqf8PoeYZxatq1HmCsJUmv191hLnFboYxd9Y=
github.com/gkampitakis/go-diff v1.3.0 h1:Szdbo5w73LSQ9sQ02h+NSSf2ZlW/E8naJCI1ZzQtWgE=
github.com/gkampitakis/go-diff v1.3.0/go.mod h1:QUJDQRA0JkEX0d7tgDaBHzJv9IH6k6e91TByC+9/RFk=
github.com/kr/text v0.2.0 h1:5Nx0Ya0ZqY2ygV366QzturHI13Jq95ApcVaJBhpS+AY=
github.com/kr/text v0.2.0/go.mod h1:eLer722TekiGuMkidMxC/pM04lWEeraHUUmBw8l2grE=
